
Microsoft Visual Studio Solution File, Format Version 12.00
# Visual Studio Version 16
VisualStudioVersion = 25.0.1700.0
MinimumVisualStudioVersion = 10.0.40219.1
Project("{FAE04EC0-301F-11D3-BF4B-00C04F79EFBC}") = "CatAPI", "CatAPI.csproj", "{C55BA855-1917-4B5E-B48A-8367D43AA386}"
EndProject
Global
	GlobalSection(SolutionConfigurationPlatforms) = preSolution
		Debug|Any CPU = Debug|Any CPU
		Release|Any CPU = Release|Any CPU
	EndGlobalSection
	GlobalSection(ProjectConfigurationPlatforms) = postSolution
		{C55BA855-1917-4B5E-B48A-8367D43AA386}.Debug|Any CPU.ActiveCfg = Debug|Any CPU
		{C55BA855-1917-4B5E-B48A-8367D43AA386}.Debug|Any CPU.Build.0 = Debug|Any CPU
		{C55BA855-1917-4B5E-B48A-8367D43AA386}.Release|Any CPU.ActiveCfg = Release|Any CPU
		{C55BA855-1917-4B5E-B48A-8367D43AA386}.Release|Any CPU.Build.0 = Release|Any CPU
	EndGlobalSection
	GlobalSection(SolutionProperties) = preSolution
		HideSolutionNode = FALSE
	EndGlobalSection
	GlobalSection(ExtensibilityGlobals) = postSolution
		SolutionGuid = {BDDC4D27-F6AD-4E50-9AFA-24C90BC3BCA5}
	EndGlobalSection
EndGlobal
